
Microsoft Visual Studio Solution File, Format Version 12.00
# Visual Studio Version 17
VisualStudioVersion = 17.3.32811.315
MinimumVisualStudioVersion = 10.0.40219.1
Project("{FAE04EC0-301F-11D3-BF4B-00C04F79EFBC}") = "ProvaPR21Bim", "ProvaPR21Bim\ProvaPR21Bim.csproj", "{D8DAF8AE-2A8A-4D2B-AC8C-EDEAF32BB7B5}"
EndProject
Global
	GlobalSection(SolutionConfigurationPlatforms) = preSolution
		Debug|Any CPU = Debug|Any CPU
		Release|Any CPU = Release|Any CPU
	EndGlobalSection
	GlobalSection(ProjectConfigurationPlatforms) = postSolution
		{D8DAF8AE-2A8A-4D2B-AC8C-EDEAF32BB7B5}.Debug|Any CPU.ActiveCfg = Debug|Any CPU
		{D8DAF8AE-2A8A-4D2B-AC8C-EDEAF32BB7B5}.Debug|Any CPU.Build.0 = Debug|Any CPU
		{D8DAF8AE-2A8A-4D2B-AC8C-EDEAF32BB7B5}.Release|Any CPU.ActiveCfg = Release|Any CPU
		{D8DAF8AE-2A8A-4D2B-AC8C-EDEAF32BB7B5}.Release|Any CPU.Build.0 = Release|Any CPU
	EndGlobalSection
	GlobalSection(SolutionProperties) = preSolution
		HideSolutionNode = FALSE
	EndGlobalSection
	GlobalSection(ExtensibilityGlobals) = postSolution
		SolutionGuid = {80F107C8-5A5E-4C9B-BBCA-8DEE9901293B}
	EndGlobalSection
EndGlobal
